
Microsoft Visual Studio Solution File, Format Version 12.00
# Visual Studio Version 16
VisualStudioVersion = 16.0.35731.53
MinimumVisualStudioVersion = 10.0.40219.1
Project("{FAE04EC0-301F-11D3-BF4B-00C04F79EFBC}") = "ejercicioo1", "ejercicioo1\ejercicioo1.csproj", "{FE037D02-6F86-41AA-9431-81CF5D92E909}"
EndProject
Project("{FAE04EC0-301F-11D3-BF4B-00C04F79EFBC}") = "miPrimerAplicacion", "miPrimerAplicacion\miPrimerAplicacion.csproj", "{2E555136-B0D5-4B36-9948-934C863034D4}"
EndProject
Project("{FAE04EC0-301F-11D3-BF4B-00C04F79EFBC}") = "practicaCompleta", "practicaCompleta\practicaCompleta.csproj", "{5C057C68-FE27-477A-9DF3-9AFDE4319448}"
EndProject
Global
	GlobalSection(SolutionConfigurationPlatforms) = preSolution
		Debug|Any CPU = Debug|Any CPU
		Release|Any CPU = Release|Any CPU
	EndGlobalSection
	GlobalSection(ProjectConfigurationPlatforms) = postSolution
		{FE037D02-6F86-41AA-9431-81CF5D92E909}.Debug|Any CPU.ActiveCfg = Debug|Any CPU
		{FE037D02-6F86-41AA-9431-81CF5D92E909}.Debug|Any CPU.Build.0 = Debug|Any CPU
		{FE037D02-6F86-41AA-9431-81CF5D92E909}.Release|Any CPU.ActiveCfg = Release|Any CPU
		{FE037D02-6F86-41AA-9431-81CF5D92E909}.Release|Any CPU.Build.0 = Release|Any CPU
		{2E555136-B0D5-4B36-9948-934C863034D4}.Debug|Any CPU.ActiveCfg = Debug|Any CPU
		{2E555136-B0D5-4B36-9948-934C863034D4}.Debug|Any CPU.Build.0 = Debug|Any CPU
		{2E555136-B0D5-4B36-9948-934C863034D4}.Release|Any CPU.ActiveCfg = Release|Any CPU
		{2E555136-B0D5-4B36-9948-934C863034D4}.Release|Any CPU.Build.0 = Release|Any CPU
		{5C057C68-FE27-477A-9DF3-9AFDE4319448}.Debug|Any CPU.ActiveCfg = Debug|Any CPU
		{5C057C68-FE27-477A-9DF3-9AFDE4319448}.Debug|Any CPU.Build.0 = Debug|Any CPU
		{5C057C68-FE27-477A-9DF3-9AFDE4319448}.Release|Any CPU.ActiveCfg = Release|Any CPU
		{5C057C68-FE27-477A-9DF3-9AFDE4319448}.Release|Any CPU.Build.0 = Release|Any CPU
	EndGlobalSection
	GlobalSection(SolutionProperties) = preSolution
		HideSolutionNode = FALSE
	EndGlobalSection
	GlobalSection(ExtensibilityGlobals) = postSolution
		SolutionGuid = {A77E9BD7-A8BE-4262-8D69-7F785A8E02AD}
	EndGlobalSection
EndGlobal
